{
  "requires": true,
  "lockfileVersion": 1,
  "dependencies": {
    "lodash.intersectionwith": {
      "version": "4.4.0",
      "resolved": "https://registry.npmjs.org/lodash.intersectionwith/-/lodash.intersectionwith-4.4.0.tgz",
      "integrity": "sha1-gYlJ4pMFK6f8c6RA9hFMLIHDjhw="
    }
  }
}
