{
  "name": "saa",
  "version": "0.0.1",
  "lockfileVersion": 1,
  "requires": true,
  "dependencies": {
    "lodash.assign": {
      "version": "4.2.0",
      "resolved": "https://registry.npmjs.org/lodash.assign/-/lodash.assign-4.2.0.tgz",
      "integrity": "sha1-DZnzzNem0mHRm9rrkkUAXShYCOc="
    },
    "lodash.intersectionwith": {
      "version": "4.4.0",
      "resolved": "https://registry.npmjs.org/lodash.intersectionwith/-/lodash.intersectionwith-4.4.0.tgz",
      "integrity": "sha1-gYlJ4pMFK6f8c6RA9hFMLIHDjhw="
    }
  }
}
