{
  "name": "weather",
  "version": "0.0.1",
  "lockfileVersion": 1,
  "requires": true,
  "dependencies": {
    "@polymer/font-roboto": {
      "version": "3.0.0-pre.19",
      "resolved": "https://registry.npmjs.org/@polymer/font-roboto/-/font-roboto-3.0.0-pre.19.tgz",
      "integrity": "sha512-brLUbgLGzBVNlmHhpDHnWdPI6KNkHmTjtX+82dvHpeuUjPsey2uH4fFofWC+m29/yxY+GH5RGv493AfRUDcokQ=="
    },
    "@polymer/iron-a11y-announcer": {
      "version": "3.0.0-pre.19",
      "resolved": "https://registry.npmjs.org/@polymer/iron-a11y-announcer/-/iron-a11y-announcer-3.0.0-pre.19.tgz",
      "integrity": "sha512-iKD9eOlMkxZvvdd1QiwqsWQhrvbOsSF2KpjydbZjr6J+e2ADITyvN8TYocTm9ekqwmV90slF6YWWLuF3JO0OWQ==",
      "requires": {
        "@polymer/polymer": "^3.0.0"
      }
    },
    "@polymer/iron-a11y-keys-behavior": {
      "version": "3.0.0-pre.19",
      "resolved": "https://registry.npmjs.org/@polymer/iron-a11y-keys-behavior/-/iron-a11y-keys-behavior-3.0.0-pre.19.tgz",
      "integrity": "sha512-jti4YDsjxTny2AJJxAQ89Gwq7+AMblOZLWBOQiciqDuRdj+nEelf227DAUwIejoII6cYQCV/Knw+Qit5zZx2kQ==",
      "requires": {
        "@polymer/polymer": "^3.0.0"
      }
    },
    "@polymer/iron-ajax": {
      "version": "3.0.0-pre.19",
      "resolved": "https://registry.npmjs.org/@polymer/iron-ajax/-/iron-ajax-3.0.0-pre.19.tgz",
      "integrity": "sha512-Jq65lAJA2junXdWzkGc1mr2UpjknKFS3eBXXiuUtg6iXLkGuT4S0dLaW9OuPngP/28jk1Ve6l2zPz826PSao4Q==",
      "requires": {
        "@polymer/polymer": "^3.0.0"
      }
    },
    "@polymer/iron-fit-behavior": {
      "version": "3.0.0-pre.19",
      "resolved": "https://registry.npmjs.org/@polymer/iron-fit-behavior/-/iron-fit-behavior-3.0.0-pre.19.tgz",
      "integrity": "sha512-GH4az4Khfd5Zhan097ho5Nnkoemp+ZpehZY2kjLB4YqXDvzh9iy+WL5oLQQEvdedQrlFn5JG0a+NRj65hukprw==",
      "requires": {
        "@polymer/polymer": "^3.0.0"
      }
    },
    "@polymer/iron-flex-layout": {
      "version": "3.0.0-pre.19",
      "resolved": "https://registry.npmjs.org/@polymer/iron-flex-layout/-/iron-flex-layout-3.0.0-pre.19.tgz",
      "integrity": "sha512-EZ25vUjmZXLc0hKJj338Ec1fQwemBsfe+Zo5d6ThzJzoSq72uGlZ8deLYNiAhIw6UZZxWttXcN6c/2kZ4qV18A==",
      "requires": {
        "@polymer/polymer": "^3.0.0"
      }
    },
    "@polymer/iron-icon": {
      "version": "3.0.0-pre.19",
      "resolved": "https://registry.npmjs.org/@polymer/iron-icon/-/iron-icon-3.0.0-pre.19.tgz",
      "integrity": "sha512-bXL8xib8qoX/R91iAWp69lgwZa+S6lGPMmqIU4H6iFn2o5N9MlNppP45oyxgxm7OX6XNa7RMMTfKyQ2y9wcLoQ==",
      "requires": {
        "@polymer/iron-flex-layout": "^3.0.0-pre.19",
        "@polymer/iron-meta": "^3.0.0-pre.19",
        "@polymer/polymer": "^3.0.0"
      }
    },
    "@polymer/iron-iconset-svg": {
      "version": "3.0.0-pre.19",
      "resolved": "https://registry.npmjs.org/@polymer/iron-iconset-svg/-/iron-iconset-svg-3.0.0-pre.19.tgz",
      "integrity": "sha512-3MvRYvcbx/fkrFlGDVpPoUqX0l87EbNJT4Uaj36ZjMo/TbWtfZ8tYSaM/tWqhPnOLTjQgDNpWkVq3mEwLFIljg==",
      "requires": {
        "@polymer/iron-meta": "^3.0.0-pre.19",
        "@polymer/polymer": "^3.0.0"
      }
    },
    "@polymer/iron-meta": {
      "version": "3.0.0-pre.19",
      "resolved": "https://registry.npmjs.org/@polymer/iron-meta/-/iron-meta-3.0.0-pre.19.tgz",
      "integrity": "sha512-rZk6W37srfnB1MqlYq3sbg/mZiGSYf/xpjc7xf7uJUUvX+oe0o65o4T4b1BwthVE6uqffO43p2MjFt2kDXDrjA==",
      "requires": {
        "@polymer/polymer": "^3.0.0"
      }
    },
    "@polymer/iron-overlay-behavior": {
      "version": "3.0.0-pre.19",
      "resolved": "https://registry.npmjs.org/@polymer/iron-overlay-behavior/-/iron-overlay-behavior-3.0.0-pre.19.tgz",
      "integrity": "sha512-7VvDvXpoYaK2mTBkWZKXY/K8obE0daWe+IgvX97yNzcrmgdPZ/18FtWmiAP/Mefo5crHYfBSI/UJxDFR3C7U/A==",
      "requires": {
        "@polymer/iron-a11y-keys-behavior": "^3.0.0-pre.19",
        "@polymer/iron-fit-behavior": "^3.0.0-pre.19",
        "@polymer/iron-resizable-behavior": "^3.0.0-pre.19",
        "@polymer/polymer": "^3.0.0"
      }
    },
    "@polymer/iron-resizable-behavior": {
      "version": "3.0.0-pre.19",
      "resolved": "https://registry.npmjs.org/@polymer/iron-resizable-behavior/-/iron-resizable-behavior-3.0.0-pre.19.tgz",
      "integrity": "sha512-lEpkbPPYtxMLW0SYTRxblHqvTus9M0VAhRTYA1ctz22vi06JrlBdE7NizA9hQwYLpaWU/vibGBJ7afaP/AM3Tg==",
      "requires": {
        "@polymer/polymer": "^3.0.0"
      }
    },
    "@polymer/paper-spinner": {
      "version": "3.0.0-pre.19",
      "resolved": "https://registry.npmjs.org/@polymer/paper-spinner/-/paper-spinner-3.0.0-pre.19.tgz",
      "integrity": "sha512-ZPbTZRZBYTL8jUqoFYkDzFRMT4wlM4REgJVV3cTf2CNWcdNNKiZt6ynJyEgjZwl2NBD+RL+x6NkrWO5cVuH37Q==",
      "requires": {
        "@polymer/paper-styles": "^3.0.0-pre.19",
        "@polymer/polymer": "^3.0.0"
      }
    },
    "@polymer/paper-styles": {
      "version": "3.0.0-pre.19",
      "resolved": "https://registry.npmjs.org/@polymer/paper-styles/-/paper-styles-3.0.0-pre.19.tgz",
      "integrity": "sha512-ASspmHr6GJjDiPxOVsqR2mFSQim13nGy03iLeyBXxX9QQa1rXI6r16/HShBvg8MrncQSRRUHqkFCfRWO3CKpwA==",
      "requires": {
        "@polymer/font-roboto": "^3.0.0-pre.19",
        "@polymer/iron-flex-layout": "^3.0.0-pre.19",
        "@polymer/polymer": "^3.0.0"
      }
    },
    "@polymer/paper-toast": {
      "version": "3.0.0-pre.19",
      "resolved": "https://registry.npmjs.org/@polymer/paper-toast/-/paper-toast-3.0.0-pre.19.tgz",
      "integrity": "sha512-937Em4fYEsGwULLlTgC2HJWR1N+gGLdjLQdYwhM+06+uidA5nUoxgJHXyTLgx7JVwvY5/d1NNg1DAHCriKeARw==",
      "requires": {
        "@polymer/iron-a11y-announcer": "^3.0.0-pre.19",
        "@polymer/iron-fit-behavior": "^3.0.0-pre.19",
        "@polymer/iron-overlay-behavior": "^3.0.0-pre.19",
        "@polymer/polymer": "^3.0.0"
      }
    },
    "@polymer/polymer": {
      "version": "3.0.2",
      "resolved": "https://registry.npmjs.org/@polymer/polymer/-/polymer-3.0.2.tgz",
      "integrity": "sha512-ow8AAjTe9ps8bantY9IvL0PT+xHf5VN3Cjahfr7gBJAc0lv3jTwGBv7pso65SHyrUJEEHeakhx6iPMl7qY4tfw==",
      "requires": {
        "@webcomponents/shadycss": "^1.2.0"
      }
    },
    "@webcomponents/shadycss": {
      "version": "1.2.1",
      "resolved": "https://registry.npmjs.org/@webcomponents/shadycss/-/shadycss-1.2.1.tgz",
      "integrity": "sha512-ZnjFb1Wf81CqMgs1dbT6JT6N4nY32bs2r5YC/5GSIb/ozJGR+UYs3ldJxtk1v5uZzPRIsAWv7wYSJcCp6ml8+A=="
    },
    "@webcomponents/webcomponentsjs": {
      "version": "2.0.0-beta.3",
      "resolved": "https://registry.npmjs.org/@webcomponents/webcomponentsjs/-/webcomponentsjs-2.0.0-beta.3.tgz",
      "integrity": "sha512-c19M/UuF+ppqgmjsBULwZPCMkOJD6/u9WwpNPTxttK3t9GcX3VKQkbhqUU+JSxOGlY2jcJDxFhRcc43/leRRIQ=="
    }
  }
}
